
Microsoft Visual Studio Solution File, Format Version 12.00
# Visual Studio Version 17
VisualStudioVersion = 17.10.34928.147
MinimumVisualStudioVersion = 10.0.40219.1
Project("{FAE04EC0-301F-11D3-BF4B-00C04F79EFBC}") = "Login_form", "Login_form.csproj", "{254BDD40-94C1-46E5-AEAD-F0684EE5B8B6}"
EndProject
Global
	GlobalSection(SolutionConfigurationPlatforms) = preSolution
		Debug|Any CPU = Debug|Any CPU
		Release|Any CPU = Release|Any CPU
	EndGlobalSection
	GlobalSection(ProjectConfigurationPlatforms) = postSolution
		{254BDD40-94C1-46E5-AEAD-F0684EE5B8B6}.Debug|Any CPU.ActiveCfg = Debug|Any CPU
		{254BDD40-94C1-46E5-AEAD-F0684EE5B8B6}.Debug|Any CPU.Build.0 = Debug|Any CPU
		{254BDD40-94C1-46E5-AEAD-F0684EE5B8B6}.Release|Any CPU.ActiveCfg = Release|Any CPU
		{254BDD40-94C1-46E5-AEAD-F0684EE5B8B6}.Release|Any CPU.Build.0 = Release|Any CPU
	EndGlobalSection
	GlobalSection(SolutionProperties) = preSolution
		HideSolutionNode = FALSE
	EndGlobalSection
	GlobalSection(ExtensibilityGlobals) = postSolution
		SolutionGuid = {E2063969-49C2-434F-90E2-77F9058FA48E}
	EndGlobalSection
EndGlobal
