
Microsoft Visual Studio Solution File, Format Version 12.00
# Visual Studio Version 17
VisualStudioVersion = 17.10.34928.147
MinimumVisualStudioVersion = 10.0.40219.1
Project("{FAE04EC0-301F-11D3-BF4B-00C04F79EFBC}") = "ADO_Database_Form", "ADO_Database_Form.csproj", "{6572B240-9D90-43D5-965F-43461064F8B8}"
EndProject
Global
	GlobalSection(SolutionConfigurationPlatforms) = preSolution
		Debug|Any CPU = Debug|Any CPU
		Release|Any CPU = Release|Any CPU
	EndGlobalSection
	GlobalSection(ProjectConfigurationPlatforms) = postSolution
		{6572B240-9D90-43D5-965F-43461064F8B8}.Debug|Any CPU.ActiveCfg = Debug|Any CPU
		{6572B240-9D90-43D5-965F-43461064F8B8}.Debug|Any CPU.Build.0 = Debug|Any CPU
		{6572B240-9D90-43D5-965F-43461064F8B8}.Release|Any CPU.ActiveCfg = Release|Any CPU
		{6572B240-9D90-43D5-965F-43461064F8B8}.Release|Any CPU.Build.0 = Release|Any CPU
	EndGlobalSection
	GlobalSection(SolutionProperties) = preSolution
		HideSolutionNode = FALSE
	EndGlobalSection
	GlobalSection(ExtensibilityGlobals) = postSolution
		SolutionGuid = {026230E1-926D-404B-BD47-D403BBC3DB0D}
	EndGlobalSection
EndGlobal
