
Microsoft Visual Studio Solution File, Format Version 12.00
# Visual Studio Version 17
VisualStudioVersion = 17.10.34928.147
MinimumVisualStudioVersion = 10.0.40219.1
Project("{FAE04EC0-301F-11D3-BF4B-00C04F79EFBC}") = "ADO", "ADO.csproj", "{1DC0F856-997E-4C20-8D40-204C8B1E9F0F}"
EndProject
Global
	GlobalSection(SolutionConfigurationPlatforms) = preSolution
		Debug|Any CPU = Debug|Any CPU
		Release|Any CPU = Release|Any CPU
	EndGlobalSection
	GlobalSection(ProjectConfigurationPlatforms) = postSolution
		{1DC0F856-997E-4C20-8D40-204C8B1E9F0F}.Debug|Any CPU.ActiveCfg = Debug|Any CPU
		{1DC0F856-997E-4C20-8D40-204C8B1E9F0F}.Debug|Any CPU.Build.0 = Debug|Any CPU
		{1DC0F856-997E-4C20-8D40-204C8B1E9F0F}.Release|Any CPU.ActiveCfg = Release|Any CPU
		{1DC0F856-997E-4C20-8D40-204C8B1E9F0F}.Release|Any CPU.Build.0 = Release|Any CPU
	EndGlobalSection
	GlobalSection(SolutionProperties) = preSolution
		HideSolutionNode = FALSE
	EndGlobalSection
	GlobalSection(ExtensibilityGlobals) = postSolution
		SolutionGuid = {47D06993-1A5F-434A-B1A7-ADF439124C7F}
	EndGlobalSection
EndGlobal
